
Microsoft Visual Studio Solution File, Format Version 11.00
# Visual Studio 2010
Project("{FAE04EC0-301F-11D3-BF4B-00C04F79EFBC}") = "Bubble-Double", "Assembly-CSharp.csproj", "{343C48EC-59F8-60D5-C892-FFF0EE391ECB}"
EndProject
Global
	GlobalSection(SolutionConfigurationPlatforms) = preSolution
		Debug|Any CPU = Debug|Any CPU
		Release|Any CPU = Release|Any CPU
	EndGlobalSection
	GlobalSection(ProjectConfigurationPlatforms) = postSolution
		{343C48EC-59F8-60D5-C892-FFF0EE391ECB}.Debug|Any CPU.ActiveCfg = Debug|Any CPU
		{343C48EC-59F8-60D5-C892-FFF0EE391ECB}.Debug|Any CPU.Build.0 = Debug|Any CPU
		{343C48EC-59F8-60D5-C892-FFF0EE391ECB}.Release|Any CPU.ActiveCfg = Release|Any CPU
		{343C48EC-59F8-60D5-C892-FFF0EE391ECB}.Release|Any CPU.Build.0 = Release|Any CPU
	EndGlobalSection
	GlobalSection(SolutionProperties) = preSolution
		HideSolutionNode = FALSE
	EndGlobalSection
	GlobalSection(MonoDevelopProperties) = preSolution
		StartupItem = Assembly-CSharp.csproj
	EndGlobalSection
EndGlobal
